{
  "pins" : [
    {
      "identity" : "voxeet-sdk-ios",
      "kind" : "remoteSourceControl",
      "location" : "https://github.com/voxeet/voxeet-sdk-ios",
      "state" : {
        "branch" : "master",
        "revision" : "2dc4ac1bdcecef698d3103f1808772282838c00a"
      }
    }
  ],
  "version" : 2
}
